{
  "version": 4,
  "terraform_version": "1.14.6",
  "serial": 1,
  "lineage": "6336ac82-81fe-2ac0-b352-84287a95ab7a",
  "outputs": {},
  "resources": [
    {
      "mode": "managed",
      "type": "local_file",
      "name": "hello",
      "provider": "provider[\"registry.terraform.io/hashicorp/local\"]",
      "instances": [
        {
          "schema_version": 0,
          "attributes": {
            "content": "Hello, Terraform! This file was created by Terraform.",
            "content_base64": null,
            "content_base64sha256": "n8+HXNOzYbRosMsNS9b1/14O3NAQFX48wISgWecF7zs=",
            "content_base64sha512": "g1LLez6v0T1MaeUxcdJ+/Nig0h23qQPFAB7RlFcxsC+lA4ysbZO6G4BPv/sxtcgjE48sLzYtdms0gILQgqcYhw==",
            "content_md5": "32071471a098532be5a3834611140544",
            "content_sha1": "a87a3ee37294aa0f47e1e00d71449b15d5dabb60",
            "content_sha256": "9fcf875cd3b361b468b0cb0d4bd6f5ff5e0edcd010157e3cc084a059e705ef3b",
            "content_sha512": "8352cb7b3eafd13d4c69e53171d27efcd8a0d21db7a903c5001ed1945731b02fa5038cac6d93ba1b804fbffb31b5c823138f2c2f362d766b348082d082a71887",
            "directory_permission": "0777",
            "file_permission": "0777",
            "filename": "./hello.txt",
            "id": "a87a3ee37294aa0f47e1e00d71449b15d5dabb60",
            "sensitive_content": null,
            "source": null
          },
          "sensitive_attributes": [
            [
              {
                "type": "get_attr",
                "value": "sensitive_content"
              }
            ]
          ],
          "identity_schema_version": 0
        }
      ]
    }
  ],
  "check_results": null
}
