{
  "version": 4,
  "terraform_version": "1.14.6",
  "serial": 6,
  "lineage": "e28ae1e2-4e95-4703-2728-81a48817ece8",
  "outputs": {},
  "resources": [
    {
      "mode": "managed",
      "type": "local_file",
      "name": "config",
      "provider": "provider[\"registry.terraform.io/hashicorp/local\"]",
      "instances": [
        {
          "schema_version": 0,
          "attributes": {
            "content": "{\"app_id\":\"d5eefcb4\",\"app_name\":\"demo_app\",\"debug_mode\":false,\"environment\":\"prod\",\"replicas\":1}",
            "content_base64": null,
            "content_base64sha256": "5OW3mIi56CVaWhW+JTLjP0jw7WPTMUh52wnLIFctWqQ=",
            "content_base64sha512": "1fjCAbDoutT4r4khG0fslr9E6GtCctpzjHpSZBBEfmUtKzzugUS2UBHtw/W6XaytmZJOyPXIf+hQgJA+vEsZ+A==",
            "content_md5": "3e88ed0efcd9f10175d55f37cb7540a4",
            "content_sha1": "95923008cfe32b3fb3cd92303a8968e84f743f5b",
            "content_sha256": "e4e5b79888b9e8255a5a15be2532e33f48f0ed63d3314879db09cb20572d5aa4",
            "content_sha512": "d5f8c201b0e8bad4f8af89211b47ec96bf44e86b4272da738c7a526410447e652d2b3cee8144b65011edc3f5ba5dacad99924ec8f5c87fe85080903ebc4b19f8",
            "directory_permission": "0777",
            "file_permission": "0777",
            "filename": "./output/demo_app-config.json",
            "id": "95923008cfe32b3fb3cd92303a8968e84f743f5b",
            "sensitive_content": null,
            "source": null
          },
          "sensitive_attributes": [
            [
              {
                "type": "get_attr",
                "value": "sensitive_content"
              }
            ]
          ],
          "identity_schema_version": 0,
          "dependencies": [
            "random_id.app_id"
          ]
        }
      ]
    },
    {
      "mode": "managed",
      "type": "random_id",
      "name": "app_id",
      "provider": "provider[\"registry.terraform.io/hashicorp/random\"]",
      "instances": [
        {
          "schema_version": 0,
          "attributes": {
            "b64_std": "1e78tA==",
            "b64_url": "1e78tA",
            "byte_length": 4,
            "dec": "3589209268",
            "hex": "d5eefcb4",
            "id": "1e78tA",
            "keepers": null,
            "prefix": null
          },
          "sensitive_attributes": [],
          "identity_schema_version": 0
        }
      ]
    }
  ],
  "check_results": null
}
